// !$*UTF8*$!
{
	archiveVersion = 1;
	classes = {
	};
	objectVersion = 46;
	objects = {

/* Begin PBXBuildFile section */
		249CF7681B3C3004007102B3 /* main.m in Sources */ = {isa = PBXBuildFile; fileRef = 249CF7671B3C3004007102B3 /* main.m */; };
		249CF76B1B3C3004007102B3 /* AppDelegate.m in Sources */ = {isa = PBXBuildFile; fileRef = 249CF76A1B3C3004007102B3 /* AppDelegate.m */; };
		249CF76E1B3C3004007102B3 /* ViewController.m in Sources */ = {isa = PBXBuildFile; fileRef = 249CF76D1B3C3004007102B3 /* ViewController.m */; };
		249CF7711B3C3004007102B3 /* Main.storyboard in Resources */ = {isa = PBXBuildFile; fileRef = 249CF76F1B3C3004007102B3 /* Main.storyboard */; };
		249CF7731B3C3004007102B3 /* Images.xcassets in Resources */ = {isa = PBXBuildFile; fileRef = 249CF7721B3C3004007102B3 /* Images.xcassets */; };
		249CF7761B3C3004007102B3 /* LaunchScreen.xib in Resources */ = {isa = PBXBuildFile; fileRef = 249CF7741B3C3004007102B3 /* LaunchScreen.xib */; };
		249CF7821B3C3004007102B3 /* AssociatedObjectsTests.m in Sources */ = {isa = PBXBuildFile; fileRef = 249CF7811B3C3004007102B3 /* AssociatedObjectsTests.m */; };
		249CF78D1B3C3137007102B3 /* ViewController+AssociatedObjects.m in Sources */ = {isa = PBXBuildFile; fileRef = 249CF78C1B3C3137007102B3 /* ViewController+AssociatedObjects.m */; };
/* End PBXBuildFile section */

/* Begin PBXContainerItemProxy section */
		249CF77C1B3C3004007102B3 /* PBXContainerItemProxy */ = {
			isa = PBXContainerItemProxy;
			containerPortal = 249CF75A1B3C3004007102B3 /* Project object */;
			proxyType = 1;
			remoteGlobalIDString = 249CF7611B3C3004007102B3;
			remoteInfo = AssociatedObjects;
		};
/* End PBXContainerItemProxy section */

/* Begin PBXFileReference section */
		249CF7621B3C3004007102B3 /* AssociatedObjects.app */ = {isa = PBXFileReference; explicitFileType = wrapper.application; includeInIndex = 0; path = AssociatedObjects.app; sourceTree = BUILT_PRODUCTS_DIR; };
		249CF7661B3C3004007102B3 /* Info.plist */ = {isa = PBXFileReference; lastKnownFileType = text.plist.xml; path = Info.plist; sourceTree = "<group>"; };
		249CF7671B3C3004007102B3 /* main.m */ = {isa = PBXFileReference; lastKnownFileType = sourcecode.c.objc; path = main.m; sourceTree = "<group>"; };
		249CF7691B3C3004007102B3 /* AppDelegate.h */ = {isa = PBXFileReference; lastKnownFileType = sourcecode.c.h; path = AppDelegate.h; sourceTree = "<group>"; };
		249CF76A1B3C3004007102B3 /* AppDelegate.m */ = {isa = PBXFileReference; lastKnownFileType = sourcecode.c.objc; path = AppDelegate.m; sourceTree = "<group>"; };
		249CF76C1B3C3004007102B3 /* ViewController.h */ = {isa = PBXFileReference; lastKnownFileType = sourcecode.c.h; path = ViewController.h; sourceTree = "<group>"; };
		249CF76D1B3C3004007102B3 /* ViewController.m */ = {isa = PBXFileReference; lastKnownFileType = sourcecode.c.objc; path = ViewController.m; sourceTree = "<group>"; };
		249CF7701B3C3004007102B3 /* Base */ = {isa = PBXFileReference; lastKnownFileType = file.storyboard; name = Base; path = Base.lproj/Main.storyboard; sourceTree = "<group>"; };
		249CF7721B3C3004007102B3 /* Images.xcassets */ = {isa = PBXFileReference; lastKnownFileType = folder.assetcatalog; path = Images.xcassets; sourceTree = "<group>"; };
		249CF7751B3C3004007102B3 /* Base */ = {isa = PBXFileReference; lastKnownFileType = file.xib; name = Base; path = Base.lproj/LaunchScreen.xib; sourceTree = "<group>"; };
		249CF77B1B3C3004007102B3 /* AssociatedObjectsTests.xctest */ = {isa = PBXFileReference; explicitFileType = wrapper.cfbundle; includeInIndex = 0; path = AssociatedObjectsTests.xctest; sourceTree = BUILT_PRODUCTS_DIR; };
		249CF7801B3C3004007102B3 /* Info.plist */ = {isa = PBXFileReference; lastKnownFileType = text.plist.xml; path = Info.plist; sourceTree = "<group>"; };
		249CF7811B3C3004007102B3 /* AssociatedObjectsTests.m */ = {isa = PBXFileReference; lastKnownFileType = sourcecode.c.objc; path = AssociatedObjectsTests.m; sourceTree = "<group>"; };
		249CF78B1B3C3137007102B3 /* ViewController+AssociatedObjects.h */ = {isa = PBXFileReference; fileEncoding = 4; lastKnownFileType = sourcecode.c.h; path = "ViewController+AssociatedObjects.h"; sourceTree = "<group>"; };
		249CF78C1B3C3137007102B3 /* ViewController+AssociatedObjects.m */ = {isa = PBXFileReference; fileEncoding = 4; lastKnownFileType = sourcecode.c.objc; path = "ViewController+AssociatedObjects.m"; sourceTree = "<group>"; };
/* End PBXFileReference section */

/* Begin PBXFrameworksBuildPhase section */
		249CF75F1B3C3004007102B3 /* Frameworks */ = {
			isa = PBXFrameworksBuildPhase;
			buildActionMask = 2147483647;
			files = (
			);
			runOnlyForDeploymentPostprocessing = 0;
		};
		249CF7781B3C3004007102B3 /* Frameworks */ = {
			isa = PBXFrameworksBuildPhase;
			buildActionMask = 2147483647;
			files = (
			);
			runOnlyForDeploymentPostprocessing = 0;
		};
/* End PBXFrameworksBuildPhase section */

/* Begin PBXGroup section */
		249CF7591B3C3004007102B3 = {
			isa = PBXGroup;
			children = (
				249CF7641B3C3004007102B3 /* AssociatedObjects */,
				249CF77E1B3C3004007102B3 /* AssociatedObjectsTests */,
				249CF7631B3C3004007102B3 /* Products */,
			);
			sourceTree = "<group>";
		};
		249CF7631B3C3004007102B3 /* Products */ = {
			isa = PBXGroup;
			children = (
				249CF7621B3C3004007102B3 /* AssociatedObjects.app */,
				249CF77B1B3C3004007102B3 /* AssociatedObjectsTests.xctest */,
			);
			name = Products;
			sourceTree = "<group>";
		};
		249CF7641B3C3004007102B3 /* AssociatedObjects */ = {
			isa = PBXGroup;
			children = (
				249CF7691B3C3004007102B3 /* AppDelegate.h */,
				249CF76A1B3C3004007102B3 /* AppDelegate.m */,
				249CF76C1B3C3004007102B3 /* ViewController.h */,
				249CF76D1B3C3004007102B3 /* ViewController.m */,
				249CF78B1B3C3137007102B3 /* ViewController+AssociatedObjects.h */,
				249CF78C1B3C3137007102B3 /* ViewController+AssociatedObjects.m */,
				249CF76F1B3C3004007102B3 /* Main.storyboard */,
				249CF7721B3C3004007102B3 /* Images.xcassets */,
				249CF7741B3C3004007102B3 /* LaunchScreen.xib */,
				249CF7651B3C3004007102B3 /* Supporting Files */,
			);
			path = AssociatedObjects;
			sourceTree = "<group>";
		};
		249CF7651B3C3004007102B3 /* Supporting Files */ = {
			isa = PBXGroup;
			children = (
				249CF7661B3C3004007102B3 /* Info.plist */,
				249CF7671B3C3004007102B3 /* main.m */,
			);
			name = "Supporting Files";
			sourceTree = "<group>";
		};
		249CF77E1B3C3004007102B3 /* AssociatedObjectsTests */ = {
			isa = PBXGroup;
			children = (
				249CF7811B3C3004007102B3 /* AssociatedObjectsTests.m */,
				249CF77F1B3C3004007102B3 /* Supporting Files */,
			);
			path = AssociatedObjectsTests;
			sourceTree = "<group>";
		};
		249CF77F1B3C3004007102B3 /* Supporting Files */ = {
			isa = PBXGroup;
			children = (
				249CF7801B3C3004007102B3 /* Info.plist */,
			);
			name = "Supporting Files";
			sourceTree = "<group>";
		};
/* End PBXGroup section */

/* Begin PBXNativeTarget section */
		249CF7611B3C3004007102B3 /* AssociatedObjects */ = {
			isa = PBXNativeTarget;
			buildConfigurationList = 249CF7851B3C3004007102B3 /* Build configuration list for PBXNativeTarget "AssociatedObjects" */;
			buildPhases = (
				249CF75E1B3C3004007102B3 /* Sources */,
				249CF75F1B3C3004007102B3 /* Frameworks */,
				249CF7601B3C3004007102B3 /* Resources */,
			);
			buildRules = (
			);
			dependencies = (
			);
			name = AssociatedObjects;
			productName = AssociatedObjects;
			productReference = 249CF7621B3C3004007102B3 /* AssociatedObjects.app */;
			productType = "com.apple.product-type.application";
		};
		249CF77A1B3C3004007102B3 /* AssociatedObjectsTests */ = {
			isa = PBXNativeTarget;
			buildConfigurationList = 249CF7881B3C3004007102B3 /* Build configuration list for PBXNativeTarget "AssociatedObjectsTests" */;
			buildPhases = (
				249CF7771B3C3004007102B3 /* Sources */,
				249CF7781B3C3004007102B3 /* Frameworks */,
				249CF7791B3C3004007102B3 /* Resources */,
			);
			buildRules = (
			);
			dependencies = (
				249CF77D1B3C3004007102B3 /* PBXTargetDependency */,
			);
			name = AssociatedObjectsTests;
			productName = AssociatedObjectsTests;
			productReference = 249CF77B1B3C3004007102B3 /* AssociatedObjectsTests.xctest */;
			productType = "com.apple.product-type.bundle.unit-test";
		};
/* End PBXNativeTarget section */

/* Begin PBXProject section */
		249CF75A1B3C3004007102B3 /* Project object */ = {
			isa = PBXProject;
			attributes = {
				LastUpgradeCheck = 0630;
				ORGANIZATIONNAME = leichunfeng;
				TargetAttributes = {
					249CF7611B3C3004007102B3 = {
						CreatedOnToolsVersion = 6.3.1;
					};
					249CF77A1B3C3004007102B3 = {
						CreatedOnToolsVersion = 6.3.1;
						TestTargetID = 249CF7611B3C3004007102B3;
					};
				};
			};
			buildConfigurationList = 249CF75D1B3C3004007102B3 /* Build configuration list for PBXProject "AssociatedObjects" */;
			compatibilityVersion = "Xcode 3.2";
			developmentRegion = English;
			hasScannedForEncodings = 0;
			knownRegions = (
				en,
				Base,
			);
			mainGroup = 249CF7591B3C3004007102B3;
			productRefGroup = 249CF7631B3C3004007102B3 /* Products */;
			projectDirPath = "";
			projectRoot = "";
			targets = (
				249CF7611B3C3004007102B3 /* AssociatedObjects */,
				249CF77A1B3C3004007102B3 /* AssociatedObjectsTests */,
			);
		};
/* End PBXProject section */

/* Begin PBXResourcesBuildPhase section */
		249CF7601B3C3004007102B3 /* Resources */ = {
			isa = PBXResourcesBuildPhase;
			buildActionMask = 2147483647;
			files = (
				249CF7711B3C3004007102B3 /* Main.storyboard in Resources */,
				249CF7761B3C3004007102B3 /* LaunchScreen.xib in Resources */,
				249CF7731B3C3004007102B3 /* Images.xcassets in Resources */,
			);
			runOnlyForDeploymentPostprocessing = 0;
		};
		249CF7791B3C3004007102B3 /* Resources */ = {
			isa = PBXResourcesBuildPhase;
			buildActionMask = 2147483647;
			files = (
			);
			runOnlyForDeploymentPostprocessing = 0;
		};
/* End PBXResourcesBuildPhase section */

/* Begin PBXSourcesBuildPhase section */
		249CF75E1B3C3004007102B3 /* Sources */ = {
			isa = PBXSourcesBuildPhase;
			buildActionMask = 2147483647;
			files = (
				249CF76E1B3C3004007102B3 /* ViewController.m in Sources */,
				249CF78D1B3C3137007102B3 /* ViewController+AssociatedObjects.m in Sources */,
				249CF76B1B3C3004007102B3 /* AppDelegate.m in Sources */,
				249CF7681B3C3004007102B3 /* main.m in Sources */,
			);
			runOnlyForDeploymentPostprocessing = 0;
		};
		249CF7771B3C3004007102B3 /* Sources */ = {
			isa = PBXSourcesBuildPhase;
			buildActionMask = 2147483647;
			files = (
				249CF7821B3C3004007102B3 /* AssociatedObjectsTests.m in Sources */,
			);
			runOnlyForDeploymentPostprocessing = 0;
		};
/* End PBXSourcesBuildPhase section */

/* Begin PBXTargetDependency section */
		249CF77D1B3C3004007102B3 /* PBXTargetDependency */ = {
			isa = PBXTargetDependency;
			target = 249CF7611B3C3004007102B3 /* AssociatedObjects */;
			targetProxy = 249CF77C1B3C3004007102B3 /* PBXContainerItemProxy */;
		};
/* End PBXTargetDependency section */

/* Begin PBXVariantGroup section */
		249CF76F1B3C3004007102B3 /* Main.storyboard */ = {
			isa = PBXVariantGroup;
			children = (
				249CF7701B3C3004007102B3 /* Base */,
			);
			name = Main.storyboard;
			sourceTree = "<group>";
		};
		249CF7741B3C3004007102B3 /* LaunchScreen.xib */ = {
			isa = PBXVariantGroup;
			children = (
				249CF7751B3C3004007102B3 /* Base */,
			);
			name = LaunchScreen.xib;
			sourceTree = "<group>";
		};
/* End PBXVariantGroup section */

/* Begin XCBuildConfiguration section */
		249CF7831B3C3004007102B3 /* Debug */ = {
			isa = XCBuildConfiguration;
			buildSettings = {
				ALWAYS_SEARCH_USER_PATHS = NO;
				CLANG_CXX_LANGUAGE_STANDARD = "gnu++0x";
				CLANG_CXX_LIBRARY = "libc++";
				CLANG_ENABLE_MODULES = YES;
				CLANG_ENABLE_OBJC_ARC = YES;
				CLANG_WARN_BOOL_CONVERSION = YES;
				CLANG_WARN_CONSTANT_CONVERSION = YES;
				CLANG_WARN_DIRECT_OBJC_ISA_USAGE = YES_ERROR;
				CLANG_WARN_EMPTY_BODY = YES;
				CLANG_WARN_ENUM_CONVERSION = YES;
				CLANG_WARN_INT_CONVERSION = YES;
				CLANG_WARN_OBJC_ROOT_CLASS = YES_ERROR;
				CLANG_WARN_UNREACHABLE_CODE = YES;
				CLANG_WARN__DUPLICATE_METHOD_MATCH = YES;
				"CODE_SIGN_IDENTITY[sdk=iphoneos*]" = "iPhone Developer";
				COPY_PHASE_STRIP = NO;
				DEBUG_INFORMATION_FORMAT = "dwarf-with-dsym";
				ENABLE_STRICT_OBJC_MSGSEND = YES;
				GCC_C_LANGUAGE_STANDARD = gnu99;
				GCC_DYNAMIC_NO_PIC = NO;
				GCC_NO_COMMON_BLOCKS = YES;
				GCC_OPTIMIZATION_LEVEL = 0;
				GCC_PREPROCESSOR_DEFINITIONS = (
					"DEBUG=1",
					"$(inherited)",
				);
				GCC_SYMBOLS_PRIVATE_EXTERN = NO;
				GCC_WARN_64_TO_32_BIT_CONVERSION = YES;
				GCC_WARN_ABOUT_RETURN_TYPE = YES_ERROR;
				GCC_WARN_UNDECLARED_SELECTOR = YES;
				GCC_WARN_UNINITIALIZED_AUTOS = YES_AGGRESSIVE;
				GCC_WARN_UNUSED_FUNCTION = YES;
				GCC_WARN_UNUSED_VARIABLE = YES;
				IPHONEOS_DEPLOYMENT_TARGET = 8.3;
				MTL_ENABLE_DEBUG_INFO = YES;
				ONLY_ACTIVE_ARCH = YES;
				SDKROOT = iphoneos;
			};
			name = Debug;
		};
		249CF7841B3C3004007102B3 /* Release */ = {
			isa = XCBuildConfiguration;
			buildSettings = {
				ALWAYS_SEARCH_USER_PATHS = NO;
				CLANG_CXX_LANGUAGE_STANDARD = "gnu++0x";
				CLANG_CXX_LIBRARY = "libc++";
				CLANG_ENABLE_MODULES = YES;
				CLANG_ENABLE_OBJC_ARC = YES;
				CLANG_WARN_BOOL_CONVERSION = YES;
				CLANG_WARN_CONSTANT_CONVERSION = YES;
				CLANG_WARN_DIRECT_OBJC_ISA_USAGE = YES_ERROR;
				CLANG_WARN_EMPTY_BODY = YES;
				CLANG_WARN_ENUM_CONVERSION = YES;
				CLANG_WARN_INT_CONVERSION = YES;
				CLANG_WARN_OBJC_ROOT_CLASS = YES_ERROR;
				CLANG_WARN_UNREACHABLE_CODE = YES;
				CLANG_WARN__DUPLICATE_METHOD_MATCH = YES;
				"CODE_SIGN_IDENTITY[sdk=iphoneos*]" = "iPhone Developer";
				COPY_PHASE_STRIP = NO;
				DEBUG_INFORMATION_FORMAT = "dwarf-with-dsym";
				ENABLE_NS_ASSERTIONS = NO;
				ENABLE_STRICT_OBJC_MSGSEND = YES;
				GCC_C_LANGUAGE_STANDARD = gnu99;
				GCC_NO_COMMON_BLOCKS = YES;
				GCC_WARN_64_TO_32_BIT_CONVERSION = YES;
				GCC_WARN_ABOUT_RETURN_TYPE = YES_ERROR;
				GCC_WARN_UNDECLARED_SELECTOR = YES;
				GCC_WARN_UNINITIALIZED_AUTOS = YES_AGGRESSIVE;
				GCC_WARN_UNUSED_FUNCTION = YES;
				GCC_WARN_UNUSED_VARIABLE = YES;
				IPHONEOS_DEPLOYMENT_TARGET = 8.3;
				MTL_ENABLE_DEBUG_INFO = NO;
				SDKROOT = iphoneos;
				VALIDATE_PRODUCT = YES;
			};
			name = Release;
		};
		249CF7861B3C3004007102B3 /* Debug */ = {
			isa = XCBuildConfiguration;
			buildSettings = {
				ASSETCATALOG_COMPILER_APPICON_NAME = AppIcon;
				INFOPLIST_FILE = AssociatedObjects/Info.plist;
				LD_RUNPATH_SEARCH_PATHS = "$(inherited) @executable_path/Frameworks";
				PRODUCT_NAME = "$(TARGET_NAME)";
			};
			name = Debug;
		};
		249CF7871B3C3004007102B3 /* Release */ = {
			isa = XCBuildConfiguration;
			buildSettings = {
				ASSETCATALOG_COMPILER_APPICON_NAME = AppIcon;
				INFOPLIST_FILE = AssociatedObjects/Info.plist;
				LD_RUNPATH_SEARCH_PATHS = "$(inherited) @executable_path/Frameworks";
				PRODUCT_NAME = "$(TARGET_NAME)";
			};
			name = Release;
		};
		249CF7891B3C3004007102B3 /* Debug */ = {
			isa = XCBuildConfiguration;
			buildSettings = {
				BUNDLE_LOADER = "$(TEST_HOST)";
				FRAMEWORK_SEARCH_PATHS = (
					"$(SDKROOT)/Developer/Library/Frameworks",
					"$(inherited)",
				);
				GCC_PREPROCESSOR_DEFINITIONS = (
					"DEBUG=1",
					"$(inherited)",
				);
				INFOPLIST_FILE = AssociatedObjectsTests/Info.plist;
				LD_RUNPATH_SEARCH_PATHS = "$(inherited) @executable_path/Frameworks @loader_path/Frameworks";
				PRODUCT_NAME = "$(TARGET_NAME)";
				TEST_HOST = "$(BUILT_PRODUCTS_DIR)/AssociatedObjects.app/AssociatedObjects";
			};
			name = Debug;
		};
		249CF78A1B3C3004007102B3 /* Release */ = {
			isa = XCBuildConfiguration;
			buildSettings = {
				BUNDLE_LOADER = "$(TEST_HOST)";
				FRAMEWORK_SEARCH_PATHS = (
					"$(SDKROOT)/Developer/Library/Frameworks",
					"$(inherited)",
				);
				INFOPLIST_FILE = AssociatedObjectsTests/Info.plist;
				LD_RUNPATH_SEARCH_PATHS = "$(inherited) @executable_path/Frameworks @loader_path/Frameworks";
				PRODUCT_NAME = "$(TARGET_NAME)";
				TEST_HOST = "$(BUILT_PRODUCTS_DIR)/AssociatedObjects.app/AssociatedObjects";
			};
			name = Release;
		};
/* End XCBuildConfiguration section */

/* Begin XCConfigurationList section */
		249CF75D1B3C3004007102B3 /* Build configuration list for PBXProject "AssociatedObjects" */ = {
			isa = XCConfigurationList;
			buildConfigurations = (
				249CF7831B3C3004007102B3 /* Debug */,
				249CF7841B3C3004007102B3 /* Release */,
			);
			defaultConfigurationIsVisible = 0;
			defaultConfigurationName = Release;
		};
		249CF7851B3C3004007102B3 /* Build configuration list for PBXNativeTarget "AssociatedObjects" */ = {
			isa = XCConfigurationList;
			buildConfigurations = (
				249CF7861B3C3004007102B3 /* Debug */,
				249CF7871B3C3004007102B3 /* Release */,
			);
			defaultConfigurationIsVisible = 0;
			defaultConfigurationName = Release;
		};
		249CF7881B3C3004007102B3 /* Build configuration list for PBXNativeTarget "AssociatedObjectsTests" */ = {
			isa = XCConfigurationList;
			buildConfigurations = (
				249CF7891B3C3004007102B3 /* Debug */,
				249CF78A1B3C3004007102B3 /* Release */,
			);
			defaultConfigurationIsVisible = 0;
			defaultConfigurationName = Release;
		};
/* End XCConfigurationList section */
	};
	rootObject = 249CF75A1B3C3004007102B3 /* Project object */;
}
